github.com/jmoiron/sqlx v1.4.0 h1:VdkQivhfFK7jH9zQ6+vl0zGyh1D0eQz5EGjqR0MH0J0=
github.com/jmoiron/sqlx v1.4.0/go.mod h1:YC7bwbJfO6BMGwpk2VYdpZ18rJt5rGq2XnZK1KXBrZTI=
github.com/lib/pq v1.10.9 h1:yj6pT1Up9Q0vR9r5K6ldA4YqU5D4B1ZTXt7kgr8w7hE=
github.com/lib/pq v1.10.9/go.mod h1:kb5R+7ZyQojMZb3l7R4rYX+Z2Wy3kJr+XH86ULGQzwA=
github.com/go-telegram-bot-api/telegram-bot-api/v5 v5.5.1 h1:5oc0pT+Z7FGh7w2foW0Tj+5Mk9PtCDQZGJ/0uG1t0Hc=
github.com/go-telegram-bot-api/telegram-bot-api/v5 v5.5.1/go.mod h1:nKO/LT6VXYG0uB4JX+hq1G5LGmW1g2JSYXt3Wro0+mA=
